
Microsoft Visual Studio Solution File, Format Version 12.00
# Visual Studio Version 17
VisualStudioVersion = 17.11.35201.85
MinimumVisualStudioVersion = 10.0.40219.1
Project("{FAE04EC0-301F-11D3-BF4B-00C04F79EFBC}") = "TestTaskPlatform", "TestTaskPlatform\TestTaskPlatform.csproj", "{C1044B91-EAAC-4673-9B9E-626BE8C27B6F}"
EndProject
Global
	GlobalSection(SolutionConfigurationPlatforms) = preSolution
		Debug|Any CPU = Debug|Any CPU
		Release|Any CPU = Release|Any CPU
	EndGlobalSection
	GlobalSection(ProjectConfigurationPlatforms) = postSolution
		{C1044B91-EAAC-4673-9B9E-626BE8C27B6F}.Debug|Any CPU.ActiveCfg = Debug|Any CPU
		{C1044B91-EAAC-4673-9B9E-626BE8C27B6F}.Debug|Any CPU.Build.0 = Debug|Any CPU
		{C1044B91-EAAC-4673-9B9E-626BE8C27B6F}.Release|Any CPU.ActiveCfg = Release|Any CPU
		{C1044B91-EAAC-4673-9B9E-626BE8C27B6F}.Release|Any CPU.Build.0 = Release|Any CPU
	EndGlobalSection
	GlobalSection(SolutionProperties) = preSolution
		HideSolutionNode = FALSE
	EndGlobalSection
	GlobalSection(ExtensibilityGlobals) = postSolution
		SolutionGuid = {13EAA2E9-A726-4EE1-8F05-7D2099073030}
	EndGlobalSection
EndGlobal
