
Microsoft Visual Studio Solution File, Format Version 12.00
# Visual Studio Version 17
VisualStudioVersion = 17.11.35201.85
MinimumVisualStudioVersion = 10.0.40219.1
Project("{9A19103F-16F7-4668-BE54-9A1E7A4F7556}") = "TestTaskPlatform", "TestTaskPlatform\TestTaskPlatform.csproj", "{C1044B91-EAAC-4673-9B9E-626BE8C27B6F}"
EndProject
Project("{9A19103F-16F7-4668-BE54-9A1E7A4F7556}") = "TestTaskPlatform.Console", "TestTaskPlatform.Console\TestTaskPlatform.Console.csproj", "{A1E226ED-FFAD-4E8C-B166-B4F47F2D81F7}"
EndProject
Project("{FAE04EC0-301F-11D3-BF4B-00C04F79EFBC}") = "TestTaskPlatform.gRPC_Service", "TestTaskPlatform.gRPC_Service\TestTaskPlatform.gRPC_Service.csproj", "{B673A4EB-79E6-4D18-9C47-4A8B4BAC8DCD}"
EndProject
Project("{FAE04EC0-301F-11D3-BF4B-00C04F79EFBC}") = "TestTaskPlatform.gRPC_Client", "TestTaskPlatform.gRPC_Client\TestTaskPlatform.gRPC_Client.csproj", "{A347330E-348A-4E99-95CF-58BF9D5AF66C}"
EndProject
Global
	GlobalSection(SolutionConfigurationPlatforms) = preSolution
		Debug|Any CPU = Debug|Any CPU
		Release|Any CPU = Release|Any CPU
	EndGlobalSection
	GlobalSection(ProjectConfigurationPlatforms) = postSolution
		{C1044B91-EAAC-4673-9B9E-626BE8C27B6F}.Debug|Any CPU.ActiveCfg = Debug|Any CPU
		{C1044B91-EAAC-4673-9B9E-626BE8C27B6F}.Debug|Any CPU.Build.0 = Debug|Any CPU
		{C1044B91-EAAC-4673-9B9E-626BE8C27B6F}.Release|Any CPU.ActiveCfg = Release|Any CPU
		{C1044B91-EAAC-4673-9B9E-626BE8C27B6F}.Release|Any CPU.Build.0 = Release|Any CPU
		{A1E226ED-FFAD-4E8C-B166-B4F47F2D81F7}.Debug|Any CPU.ActiveCfg = Debug|Any CPU
		{A1E226ED-FFAD-4E8C-B166-B4F47F2D81F7}.Debug|Any CPU.Build.0 = Debug|Any CPU
		{A1E226ED-FFAD-4E8C-B166-B4F47F2D81F7}.Release|Any CPU.ActiveCfg = Release|Any CPU
		{A1E226ED-FFAD-4E8C-B166-B4F47F2D81F7}.Release|Any CPU.Build.0 = Release|Any CPU
		{B673A4EB-79E6-4D18-9C47-4A8B4BAC8DCD}.Debug|Any CPU.ActiveCfg = Debug|Any CPU
		{B673A4EB-79E6-4D18-9C47-4A8B4BAC8DCD}.Debug|Any CPU.Build.0 = Debug|Any CPU
		{B673A4EB-79E6-4D18-9C47-4A8B4BAC8DCD}.Release|Any CPU.ActiveCfg = Release|Any CPU
		{B673A4EB-79E6-4D18-9C47-4A8B4BAC8DCD}.Release|Any CPU.Build.0 = Release|Any CPU
		{A347330E-348A-4E99-95CF-58BF9D5AF66C}.Debug|Any CPU.ActiveCfg = Debug|Any CPU
		{A347330E-348A-4E99-95CF-58BF9D5AF66C}.Debug|Any CPU.Build.0 = Debug|Any CPU
		{A347330E-348A-4E99-95CF-58BF9D5AF66C}.Release|Any CPU.ActiveCfg = Release|Any CPU
		{A347330E-348A-4E99-95CF-58BF9D5AF66C}.Release|Any CPU.Build.0 = Release|Any CPU
	EndGlobalSection
	GlobalSection(SolutionProperties) = preSolution
		HideSolutionNode = FALSE
	EndGlobalSection
	GlobalSection(ExtensibilityGlobals) = postSolution
		SolutionGuid = {13EAA2E9-A726-4EE1-8F05-7D2099073030}
	EndGlobalSection
EndGlobal
